github.com/morganhein/go-telnet v0.0.0-20170418203611-14057699d821 h1:XP/JzZJcR9QLr7skTPb4luLkQ/Zs1KavFmZSqCRFBMI=
github.com/morganhein/go-telnet v0.0.0-20170418203611-14057699d821/go.mod h1:D9OOU4MP+IQs/P/v3MMBzJiGvs2CbeUhKSAlez12Sck=
github.com/ziutek/telnet v0.0.0-20180329124119-c3b780dc415b h1:VfPXB/wCGGt590QhD1bOpv2J/AmC/RJNTg/Q59HKSB0=
github.com/ziutek/telnet v0.0.0-20180329124119-c3b780dc415b/go.mod h1:IZpXDfkJ6tWD3PhBK5YzgQT+xJWh7OsdwiG8hA2MkO4=
